
Microsoft Visual Studio Solution File, Format Version 12.00
# Visual Studio Version 16
VisualStudioVersion = 16.0.30804.86
MinimumVisualStudioVersion = 10.0.40219.1
Project("{8BC9CEB8-8B4A-11D0-8D11-00A0C91BC942}") = "CppCLR_WinformsProjekt1", "CppCLR_WinformsProjekt1.vcxproj", "{9634867E-4DF0-42EA-A3A6-C7253FA620EB}"
EndProject
Global
	GlobalSection(SolutionConfigurationPlatforms) = preSolution
		Debug|x64 = Debug|x64
		Debug|x86 = Debug|x86
		Release|x64 = Release|x64
		Release|x86 = Release|x86
	EndGlobalSection
	GlobalSection(ProjectConfigurationPlatforms) = postSolution
		{9634867E-4DF0-42EA-A3A6-C7253FA620EB}.Debug|x64.ActiveCfg = Debug|x64
		{9634867E-4DF0-42EA-A3A6-C7253FA620EB}.Debug|x64.Build.0 = Debug|x64
		{9634867E-4DF0-42EA-A3A6-C7253FA620EB}.Debug|x86.ActiveCfg = Debug|Win32
		{9634867E-4DF0-42EA-A3A6-C7253FA620EB}.Debug|x86.Build.0 = Debug|Win32
		{9634867E-4DF0-42EA-A3A6-C7253FA620EB}.Release|x64.ActiveCfg = Release|x64
		{9634867E-4DF0-42EA-A3A6-C7253FA620EB}.Release|x64.Build.0 = Release|x64
		{9634867E-4DF0-42EA-A3A6-C7253FA620EB}.Release|x86.ActiveCfg = Release|Win32
		{9634867E-4DF0-42EA-A3A6-C7253FA620EB}.Release|x86.Build.0 = Release|Win32
	EndGlobalSection
	GlobalSection(SolutionProperties) = preSolution
		HideSolutionNode = FALSE
	EndGlobalSection
	GlobalSection(ExtensibilityGlobals) = postSolution
		SolutionGuid = {EDBF996C-209E-4980-B9CE-C9E417E1DEB6}
	EndGlobalSection
EndGlobal
